// !$*UTF8*$!
{
	archiveVersion = 1;
	classes = {
	};
	objectVersion = 46;
	objects = {

/* Begin PBXBuildFile section */
		C388DAF01CA1AC9000C2BC9F /* AppDelegate.swift in Sources */ = {isa = PBXBuildFile; fileRef = C388DAEF1CA1AC9000C2BC9F /* AppDelegate.swift */; };
		C388DAF21CA1AC9000C2BC9F /* ViewController.swift in Sources */ = {isa = PBXBuildFile; fileRef = C388DAF11CA1AC9000C2BC9F /* ViewController.swift */; };
		C388DAF51CA1AC9000C2BC9F /* Main.storyboard in Resources */ = {isa = PBXBuildFile; fileRef = C388DAF31CA1AC9000C2BC9F /* Main.storyboard */; };
		C388DAF71CA1AC9000C2BC9F /* Assets.xcassets in Resources */ = {isa = PBXBuildFile; fileRef = C388DAF61CA1AC9000C2BC9F /* Assets.xcassets */; };
		C388DAFA1CA1AC9000C2BC9F /* LaunchScreen.storyboard in Resources */ = {isa = PBXBuildFile; fileRef = C388DAF81CA1AC9000C2BC9F /* LaunchScreen.storyboard */; };
/* End PBXBuildFile section */

/* Begin PBXFileReference section */
		C388DAEC1CA1AC9000C2BC9F /* BrainTeaser.app */ = {isa = PBXFileReference; explicitFileType = wrapper.application; includeInIndex = 0; path = BrainTeaser.app; sourceTree = BUILT_PRODUCTS_DIR; };
		C388DAEF1CA1AC9000C2BC9F /* AppDelegate.swift */ = {isa = PBXFileReference; lastKnownFileType = sourcecode.swift; path = AppDelegate.swift; sourceTree = "<group>"; };
		C388DAF11CA1AC9000C2BC9F /* ViewController.swift */ = {isa = PBXFileReference; lastKnownFileType = sourcecode.swift; path = ViewController.swift; sourceTree = "<group>"; };
		C388DAF41CA1AC9000C2BC9F /* Base */ = {isa = PBXFileReference; lastKnownFileType = file.storyboard; name = Base; path = Base.lproj/Main.storyboard; sourceTree = "<group>"; };
		C388DAF61CA1AC9000C2BC9F /* Assets.xcassets */ = {isa = PBXFileReference; lastKnownFileType = folder.assetcatalog; path = Assets.xcassets; sourceTree = "<group>"; };
		C388DAF91CA1AC9000C2BC9F /* Base */ = {isa = PBXFileReference; lastKnownFileType = file.storyboard; name = Base; path = Base.lproj/LaunchScreen.storyboard; sourceTree = "<group>"; };
		C388DAFB1CA1AC9000C2BC9F /* Info.plist */ = {isa = PBXFileReference; lastKnownFileType = text.plist.xml; path = Info.plist; sourceTree = "<group>"; };
/* End PBXFileReference section */

/* Begin PBXFrameworksBuildPhase section */
		C388DAE91CA1AC9000C2BC9F /* Frameworks */ = {
			isa = PBXFrameworksBuildPhase;
			buildActionMask = 2147483647;
			files = (
			);
			runOnlyForDeploymentPostprocessing = 0;
		};
/* End PBXFrameworksBuildPhase section */

/* Begin PBXGroup section */
		C388DAE31CA1AC9000C2BC9F = {
			isa = PBXGroup;
			children = (
				C388DAEE1CA1AC9000C2BC9F /* BrainTeaser */,
				C388DAED1CA1AC9000C2BC9F /* Products */,
			);
			sourceTree = "<group>";
		};
		C388DAED1CA1AC9000C2BC9F /* Products */ = {
			isa = PBXGroup;
			children = (
				C388DAEC1CA1AC9000C2BC9F /* BrainTeaser.app */,
			);
			name = Products;
			sourceTree = "<group>";
		};
		C388DAEE1CA1AC9000C2BC9F /* BrainTeaser */ = {
			isa = PBXGroup;
			children = (
				C388DAEF1CA1AC9000C2BC9F /* AppDelegate.swift */,
				C388DAF11CA1AC9000C2BC9F /* ViewController.swift */,
				C388DAF31CA1AC9000C2BC9F /* Main.storyboard */,
				C388DAF61CA1AC9000C2BC9F /* Assets.xcassets */,
				C388DAF81CA1AC9000C2BC9F /* LaunchScreen.storyboard */,
				C388DAFB1CA1AC9000C2BC9F /* Info.plist */,
			);
			path = BrainTeaser;
			sourceTree = "<group>";
		};
/* End PBXGroup section */

/* Begin PBXNativeTarget section */
		C388DAEB1CA1AC9000C2BC9F /* BrainTeaser */ = {
			isa = PBXNativeTarget;
			buildConfigurationList = C388DAFE1CA1AC9000C2BC9F /* Build configuration list for PBXNativeTarget "BrainTeaser" */;
			buildPhases = (
				C388DAE81CA1AC9000C2BC9F /* Sources */,
				C388DAE91CA1AC9000C2BC9F /* Frameworks */,
				C388DAEA1CA1AC9000C2BC9F /* Resources */,
			);
			buildRules = (
			);
			dependencies = (
			);
			name = BrainTeaser;
			productName = BrainTeaser;
			productReference = C388DAEC1CA1AC9000C2BC9F /* BrainTeaser.app */;
			productType = "com.apple.product-type.application";
		};
/* End PBXNativeTarget section */

/* Begin PBXProject section */
		C388DAE41CA1AC9000C2BC9F /* Project object */ = {
			isa = PBXProject;
			attributes = {
				LastSwiftUpdateCheck = 0730;
				LastUpgradeCheck = 0730;
				ORGANIZATIONNAME = "Altynbek Orumbaev";
				TargetAttributes = {
					C388DAEB1CA1AC9000C2BC9F = {
						CreatedOnToolsVersion = 7.3;
					};
				};
			};
			buildConfigurationList = C388DAE71CA1AC9000C2BC9F /* Build configuration list for PBXProject "BrainTeaser" */;
			compatibilityVersion = "Xcode 3.2";
			developmentRegion = English;
			hasScannedForEncodings = 0;
			knownRegions = (
				en,
				Base,
			);
			mainGroup = C388DAE31CA1AC9000C2BC9F;
			productRefGroup = C388DAED1CA1AC9000C2BC9F /* Products */;
			projectDirPath = "";
			projectRoot = "";
			targets = (
				C388DAEB1CA1AC9000C2BC9F /* BrainTeaser */,
			);
		};
/* End PBXProject section */

/* Begin PBXResourcesBuildPhase section */
		C388DAEA1CA1AC9000C2BC9F /* Resources */ = {
			isa = PBXResourcesBuildPhase;
			buildActionMask = 2147483647;
			files = (
				C388DAFA1CA1AC9000C2BC9F /* LaunchScreen.storyboard in Resources */,
				C388DAF71CA1AC9000C2BC9F /* Assets.xcassets in Resources */,
				C388DAF51CA1AC9000C2BC9F /* Main.storyboard in Resources */,
			);
			runOnlyForDeploymentPostprocessing = 0;
		};
/* End PBXResourcesBuildPhase section */

/* Begin PBXSourcesBuildPhase section */
		C388DAE81CA1AC9000C2BC9F /* Sources */ = {
			isa = PBXSourcesBuildPhase;
			buildActionMask = 2147483647;
			files = (
				C388DAF21CA1AC9000C2BC9F /* ViewController.swift in Sources */,
				C388DAF01CA1AC9000C2BC9F /* AppDelegate.swift in Sources */,
			);
			runOnlyForDeploymentPostprocessing = 0;
		};
/* End PBXSourcesBuildPhase section */

/* Begin PBXVariantGroup section */
		C388DAF31CA1AC9000C2BC9F /* Main.storyboard */ = {
			isa = PBXVariantGroup;
			children = (
				C388DAF41CA1AC9000C2BC9F /* Base */,
			);
			name = Main.storyboard;
			sourceTree = "<group>";
		};
		C388DAF81CA1AC9000C2BC9F /* LaunchScreen.storyboard */ = {
			isa = PBXVariantGroup;
			children = (
				C388DAF91CA1AC9000C2BC9F /* Base */,
			);
			name = LaunchScreen.storyboard;
			sourceTree = "<group>";
		};
/* End PBXVariantGroup section */

/* Begin XCBuildConfiguration section */
		C388DAFC1CA1AC9000C2BC9F /* Debug */ = {
			isa = XCBuildConfiguration;
			buildSettings = {
				ALWAYS_SEARCH_USER_PATHS = NO;
				CLANG_ANALYZER_NONNULL = YES;
				CLANG_CXX_LANGUAGE_STANDARD = "gnu++0x";
				CLANG_CXX_LIBRARY = "libc++";
				CLANG_ENABLE_MODULES = YES;
				CLANG_ENABLE_OBJC_ARC = YES;
				CLANG_WARN_BOOL_CONVERSION = YES;
				CLANG_WARN_CONSTANT_CONVERSION = YES;
				CLANG_WARN_DIRECT_OBJC_ISA_USAGE = YES_ERROR;
				CLANG_WARN_EMPTY_BODY = YES;
				CLANG_WARN_ENUM_CONVERSION = YES;
				CLANG_WARN_INT_CONVERSION = YES;
				CLANG_WARN_OBJC_ROOT_CLASS = YES_ERROR;
				CLANG_WARN_UNREACHABLE_CODE = YES;
				CLANG_WARN__DUPLICATE_METHOD_MATCH = YES;
				"CODE_SIGN_IDENTITY[sdk=iphoneos*]" = "iPhone Developer";
				COPY_PHASE_STRIP = NO;
				DEBUG_INFORMATION_FORMAT = dwarf;
				ENABLE_STRICT_OBJC_MSGSEND = YES;
				ENABLE_TESTABILITY = YES;
				GCC_C_LANGUAGE_STANDARD = gnu99;
				GCC_DYNAMIC_NO_PIC = NO;
				GCC_NO_COMMON_BLOCKS = YES;
				GCC_OPTIMIZATION_LEVEL = 0;
				GCC_PREPROCESSOR_DEFINITIONS = (
					"DEBUG=1",
					"$(inherited)",
				);
				GCC_WARN_64_TO_32_BIT_CONVERSION = YES;
				GCC_WARN_ABOUT_RETURN_TYPE = YES_ERROR;
				GCC_WARN_UNDECLARED_SELECTOR = YES;
				GCC_WARN_UNINITIALIZED_AUTOS = YES_AGGRESSIVE;
				GCC_WARN_UNUSED_FUNCTION = YES;
				GCC_WARN_UNUSED_VARIABLE = YES;
				IPHONEOS_DEPLOYMENT_TARGET = 9.3;
				MTL_ENABLE_DEBUG_INFO = YES;
				ONLY_ACTIVE_ARCH = YES;
				SDKROOT = iphoneos;
				SWIFT_OPTIMIZATION_LEVEL = "-Onone";
				TARGETED_DEVICE_FAMILY = "1,2";
			};
			name = Debug;
		};
		C388DAFD1CA1AC9000C2BC9F /* Release */ = {
			isa = XCBuildConfiguration;
			buildSettings = {
				ALWAYS_SEARCH_USER_PATHS = NO;
				CLANG_ANALYZER_NONNULL = YES;
				CLANG_CXX_LANGUAGE_STANDARD = "gnu++0x";
				CLANG_CXX_LIBRARY = "libc++";
				CLANG_ENABLE_MODULES = YES;
				CLANG_ENABLE_OBJC_ARC = YES;
				CLANG_WARN_BOOL_CONVERSION = YES;
				CLANG_WARN_CONSTANT_CONVERSION = YES;
				CLANG_WARN_DIRECT_OBJC_ISA_USAGE = YES_ERROR;
				CLANG_WARN_EMPTY_BODY = YES;
				CLANG_WARN_ENUM_CONVERSION = YES;
				CLANG_WARN_INT_CONVERSION = YES;
				CLANG_WARN_OBJC_ROOT_CLASS = YES_ERROR;
				CLANG_WARN_UNREACHABLE_CODE = YES;
				CLANG_WARN__DUPLICATE_METHOD_MATCH = YES;
				"CODE_SIGN_IDENTITY[sdk=iphoneos*]" = "iPhone Developer";
				COPY_PHASE_STRIP = NO;
				DEBUG_INFORMATION_FORMAT = "dwarf-with-dsym";
				ENABLE_NS_ASSERTIONS = NO;
				ENABLE_STRICT_OBJC_MSGSEND = YES;
				GCC_C_LANGUAGE_STANDARD = gnu99;
				GCC_NO_COMMON_BLOCKS = YES;
				GCC_WARN_64_TO_32_BIT_CONVERSION = YES;
				GCC_WARN_ABOUT_RETURN_TYPE = YES_ERROR;
				GCC_WARN_UNDECLARED_SELECTOR = YES;
				GCC_WARN_UNINITIALIZED_AUTOS = YES_AGGRESSIVE;
				GCC_WARN_UNUSED_FUNCTION = YES;
				GCC_WARN_UNUSED_VARIABLE = YES;
				IPHONEOS_DEPLOYMENT_TARGET = 9.3;
				MTL_ENABLE_DEBUG_INFO = NO;
				SDKROOT = iphoneos;
				TARGETED_DEVICE_FAMILY = "1,2";
				VALIDATE_PRODUCT = YES;
			};
			name = Release;
		};
		C388DAFF1CA1AC9000C2BC9F /* Debug */ = {
			isa = XCBuildConfiguration;
			buildSettings = {
				ASSETCATALOG_COMPILER_APPICON_NAME = AppIcon;
				INFOPLIST_FILE = BrainTeaser/Info.plist;
				LD_RUNPATH_SEARCH_PATHS = "$(inherited) @executable_path/Frameworks";
				PRODUCT_BUNDLE_IDENTIFIER = com.aorumbaev.BrainTeaser;
				PRODUCT_NAME = "$(TARGET_NAME)";
			};
			name = Debug;
		};
		C388DB001CA1AC9000C2BC9F /* Release */ = {
			isa = XCBuildConfiguration;
			buildSettings = {
				ASSETCATALOG_COMPILER_APPICON_NAME = AppIcon;
				INFOPLIST_FILE = BrainTeaser/Info.plist;
				LD_RUNPATH_SEARCH_PATHS = "$(inherited) @executable_path/Frameworks";
				PRODUCT_BUNDLE_IDENTIFIER = com.aorumbaev.BrainTeaser;
				PRODUCT_NAME = "$(TARGET_NAME)";
			};
			name = Release;
		};
/* End XCBuildConfiguration section */

/* Begin XCConfigurationList section */
		C388DAE71CA1AC9000C2BC9F /* Build configuration list for PBXProject "BrainTeaser" */ = {
			isa = XCConfigurationList;
			buildConfigurations = (
				C388DAFC1CA1AC9000C2BC9F /* Debug */,
				C388DAFD1CA1AC9000C2BC9F /* Release */,
			);
			defaultConfigurationIsVisible = 0;
			defaultConfigurationName = Release;
		};
		C388DAFE1CA1AC9000C2BC9F /* Build configuration list for PBXNativeTarget "BrainTeaser" */ = {
			isa = XCConfigurationList;
			buildConfigurations = (
				C388DAFF1CA1AC9000C2BC9F /* Debug */,
				C388DB001CA1AC9000C2BC9F /* Release */,
			);
			defaultConfigurationIsVisible = 0;
		};
/* End XCConfigurationList section */
	};
	rootObject = C388DAE41CA1AC9000C2BC9F /* Project object */;
}
